
Microsoft Visual Studio Solution File, Format Version 12.00
# Visual Studio 15
VisualStudioVersion = 15.0.27428.2027
MinimumVisualStudioVersion = 10.0.40219.1
Project("{9A19103F-16F7-4668-BE54-9A1E7A4F7556}") = "StreamMediaServer.HIKVision", "StreamMediaServer.HIKVision\StreamMediaServer.HIKVision.csproj", "{8111316E-5FEB-4DA6-A745-5617172FCB5C}"
EndProject
Project("{9A19103F-16F7-4668-BE54-9A1E7A4F7556}") = "StreamMediaServer.Web", "StreamMediaServer.Web\StreamMediaServer.Web.csproj", "{02CA8DF7-0EE0-41B4-8E20-CB33111E2E92}"
EndProject
Project("{9A19103F-16F7-4668-BE54-9A1E7A4F7556}") = "StreamMediaServer.Core", "StreamMediaServer.Core\StreamMediaServer.Core.csproj", "{F849F390-81EE-4ECA-A309-51851D5EBF75}"
EndProject
Project("{FAE04EC0-301F-11D3-BF4B-00C04F79EFBC}") = "Tester_windows", "Tester_windows\Tester_windows.csproj", "{05D7576D-8BBA-4877-9FDC-60AD4B8EFDB4}"
EndProject
Global
	GlobalSection(SolutionConfigurationPlatforms) = preSolution
		Debug|Any CPU = Debug|Any CPU
		Release|Any CPU = Release|Any CPU
	EndGlobalSection
	GlobalSection(ProjectConfigurationPlatforms) = postSolution
		{8111316E-5FEB-4DA6-A745-5617172FCB5C}.Debug|Any CPU.ActiveCfg = Debug|Any CPU
		{8111316E-5FEB-4DA6-A745-5617172FCB5C}.Debug|Any CPU.Build.0 = Debug|Any CPU
		{8111316E-5FEB-4DA6-A745-5617172FCB5C}.Release|Any CPU.ActiveCfg = Release|Any CPU
		{8111316E-5FEB-4DA6-A745-5617172FCB5C}.Release|Any CPU.Build.0 = Release|Any CPU
		{02CA8DF7-0EE0-41B4-8E20-CB33111E2E92}.Debug|Any CPU.ActiveCfg = Debug|Any CPU
		{02CA8DF7-0EE0-41B4-8E20-CB33111E2E92}.Debug|Any CPU.Build.0 = Debug|Any CPU
		{02CA8DF7-0EE0-41B4-8E20-CB33111E2E92}.Release|Any CPU.ActiveCfg = Release|Any CPU
		{02CA8DF7-0EE0-41B4-8E20-CB33111E2E92}.Release|Any CPU.Build.0 = Release|Any CPU
		{F849F390-81EE-4ECA-A309-51851D5EBF75}.Debug|Any CPU.ActiveCfg = Debug|Any CPU
		{F849F390-81EE-4ECA-A309-51851D5EBF75}.Debug|Any CPU.Build.0 = Debug|Any CPU
		{F849F390-81EE-4ECA-A309-51851D5EBF75}.Release|Any CPU.ActiveCfg = Release|Any CPU
		{F849F390-81EE-4ECA-A309-51851D5EBF75}.Release|Any CPU.Build.0 = Release|Any CPU
		{05D7576D-8BBA-4877-9FDC-60AD4B8EFDB4}.Debug|Any CPU.ActiveCfg = Debug|Any CPU
		{05D7576D-8BBA-4877-9FDC-60AD4B8EFDB4}.Debug|Any CPU.Build.0 = Debug|Any CPU
		{05D7576D-8BBA-4877-9FDC-60AD4B8EFDB4}.Release|Any CPU.ActiveCfg = Release|Any CPU
		{05D7576D-8BBA-4877-9FDC-60AD4B8EFDB4}.Release|Any CPU.Build.0 = Release|Any CPU
	EndGlobalSection
	GlobalSection(SolutionProperties) = preSolution
		HideSolutionNode = FALSE
	EndGlobalSection
	GlobalSection(ExtensibilityGlobals) = postSolution
		SolutionGuid = {26C5AC26-E7A5-4522-9265-F78DBFF0B4EE}
	EndGlobalSection
EndGlobal
